// !$*UTF8*$!
{
	archiveVersion = 1;
	classes = {
	};
	objectVersion = 46;
	objects = {

/* Begin PBXBuildFile section */
		0446D1EB1BA414B200FBC76E /* UploadViewController.swift in Sources */ = {isa = PBXBuildFile; fileRef = 0446D1EA1BA414B200FBC76E /* UploadViewController.swift */; };
		044F64A21B8837C500A318E6 /* AppDelegate.swift in Sources */ = {isa = PBXBuildFile; fileRef = 044F64A11B8837C500A318E6 /* AppDelegate.swift */; };
		044F64A41B8837C500A318E6 /* ViewController.swift in Sources */ = {isa = PBXBuildFile; fileRef = 044F64A31B8837C500A318E6 /* ViewController.swift */; };
		044F64A71B8837C500A318E6 /* Main.storyboard in Resources */ = {isa = PBXBuildFile; fileRef = 044F64A51B8837C500A318E6 /* Main.storyboard */; };
		044F64A91B8837C500A318E6 /* Images.xcassets in Resources */ = {isa = PBXBuildFile; fileRef = 044F64A81B8837C500A318E6 /* Images.xcassets */; };
		044F64AC1B8837C500A318E6 /* LaunchScreen.xib in Resources */ = {isa = PBXBuildFile; fileRef = 044F64AA1B8837C500A318E6 /* LaunchScreen.xib */; };
		044F64B81B8837C500A318E6 /* whendTests.swift in Sources */ = {isa = PBXBuildFile; fileRef = 044F64B71B8837C500A318E6 /* whendTests.swift */; };
		044F64CF1B885CDA00A318E6 /* LoginViewController.swift in Sources */ = {isa = PBXBuildFile; fileRef = 044F64CE1B885CDA00A318E6 /* LoginViewController.swift */; };
		045897831BAA82F2000655E4 /* CreateScheduleViewController.swift in Sources */ = {isa = PBXBuildFile; fileRef = 045897821BAA82F2000655E4 /* CreateScheduleViewController.swift */; };
		047C3C201B8C475B006083A3 /* SignUpViewController.swift in Sources */ = {isa = PBXBuildFile; fileRef = 047C3C1F1B8C475B006083A3 /* SignUpViewController.swift */; };
		04E4F1C31B9D9A9000255D2E /* WallTableViewController.swift in Sources */ = {isa = PBXBuildFile; fileRef = 04E4F1C21B9D9A9000255D2E /* WallTableViewController.swift */; };
		04E4F1C51B9D9AAA00255D2E /* WallTableViewCell.swift in Sources */ = {isa = PBXBuildFile; fileRef = 04E4F1C41B9D9AAA00255D2E /* WallTableViewCell.swift */; };
		04F059BB1BAD838F009459E5 /* NotificationTableViewController.swift in Sources */ = {isa = PBXBuildFile; fileRef = 04F059BA1BAD838F009459E5 /* NotificationTableViewController.swift */; };
		04F059BD1BAD84D2009459E5 /* NotificationViewCell.swift in Sources */ = {isa = PBXBuildFile; fileRef = 04F059BC1BAD84D2009459E5 /* NotificationViewCell.swift */; };
		FA02A6BE1BB02456004248B9 /* SearchTableViewController.swift in Sources */ = {isa = PBXBuildFile; fileRef = FA02A6BD1BB02456004248B9 /* SearchTableViewController.swift */; };
		FA02A6C01BB0247B004248B9 /* SearchTableViewCell.swift in Sources */ = {isa = PBXBuildFile; fileRef = FA02A6BF1BB0247B004248B9 /* SearchTableViewCell.swift */; };
		FA1F503F1BB3D4B50087FF09 /* CommentTableViewController.swift in Sources */ = {isa = PBXBuildFile; fileRef = FA1F503E1BB3D4B50087FF09 /* CommentTableViewController.swift */; };
		FA2EB8961BB139C000E3B12C /* Notification.swift in Sources */ = {isa = PBXBuildFile; fileRef = FA2EB8951BB139C000E3B12C /* Notification.swift */; };
		FAE13E7D1BA148190075FA9A /* HTTPRestfulUtilizer.swift in Sources */ = {isa = PBXBuildFile; fileRef = FAE13E7C1BA148190075FA9A /* HTTPRestfulUtilizer.swift */; };
		FAE13E7F1BA1485C0075FA9A /* AppPref.swift in Sources */ = {isa = PBXBuildFile; fileRef = FAE13E7E1BA1485C0075FA9A /* AppPref.swift */; };
		FAE305251BB2C7AA0028CA90 /* SpecificScheduleViewController.swift in Sources */ = {isa = PBXBuildFile; fileRef = FAE305241BB2C7AA0028CA90 /* SpecificScheduleViewController.swift */; };
		FAE305271BB2C8090028CA90 /* CommentViewCell.swift in Sources */ = {isa = PBXBuildFile; fileRef = FAE305261BB2C8090028CA90 /* CommentViewCell.swift */; };
		FAE7F1B01B9EA19500F6818D /* User.swift in Sources */ = {isa = PBXBuildFile; fileRef = FAE7F1AF1B9EA19500F6818D /* User.swift */; };
		FAE7F1B21B9EA1A200F6818D /* Schedule.swift in Sources */ = {isa = PBXBuildFile; fileRef = FAE7F1B11B9EA1A200F6818D /* Schedule.swift */; };
		FAE7F1B41B9EA1AA00F6818D /* HashTag.swift in Sources */ = {isa = PBXBuildFile; fileRef = FAE7F1B31B9EA1AA00F6818D /* HashTag.swift */; };
		FAE7F1B61B9EA1DB00F6818D /* Comment.swift in Sources */ = {isa = PBXBuildFile; fileRef = FAE7F1B51B9EA1DB00F6818D /* Comment.swift */; };
		FAE7F1B81B9EA20A00F6818D /* FacebookFriend.swift in Sources */ = {isa = PBXBuildFile; fileRef = FAE7F1B71B9EA20A00F6818D /* FacebookFriend.swift */; };
		FAEC38771BA98BBD00663B7B /* CalendarProvider.swift in Sources */ = {isa = PBXBuildFile; fileRef = FAEC38761BA98BBD00663B7B /* CalendarProvider.swift */; };
		FAEC387B1BA99A2100663B7B /* UIViewExtensions.swift in Sources */ = {isa = PBXBuildFile; fileRef = FAEC387A1BA99A2100663B7B /* UIViewExtensions.swift */; };
		FAEC387D1BA9CA7B00663B7B /* DateTimeFormatter.swift in Sources */ = {isa = PBXBuildFile; fileRef = FAEC387C1BA9CA7B00663B7B /* DateTimeFormatter.swift */; };
/* End PBXBuildFile section */

/* Begin PBXContainerItemProxy section */
		044F64B21B8837C500A318E6 /* PBXContainerItemProxy */ = {
			isa = PBXContainerItemProxy;
			containerPortal = 044F64941B8837C500A318E6 /* Project object */;
			proxyType = 1;
			remoteGlobalIDString = 044F649B1B8837C500A318E6;
			remoteInfo = whend;
		};
/* End PBXContainerItemProxy section */

/* Begin PBXFileReference section */
		0446D1EA1BA414B200FBC76E /* UploadViewController.swift */ = {isa = PBXFileReference; fileEncoding = 4; lastKnownFileType = sourcecode.swift; path = UploadViewController.swift; sourceTree = "<group>"; };
		044F649C1B8837C500A318E6 /* whend.app */ = {isa = PBXFileReference; explicitFileType = wrapper.application; includeInIndex = 0; path = whend.app; sourceTree = BUILT_PRODUCTS_DIR; };
		044F64A01B8837C500A318E6 /* Info.plist */ = {isa = PBXFileReference; lastKnownFileType = text.plist.xml; path = Info.plist; sourceTree = "<group>"; };
		044F64A11B8837C500A318E6 /* AppDelegate.swift */ = {isa = PBXFileReference; lastKnownFileType = sourcecode.swift; path = AppDelegate.swift; sourceTree = "<group>"; };
		044F64A31B8837C500A318E6 /* ViewController.swift */ = {isa = PBXFileReference; lastKnownFileType = sourcecode.swift; path = ViewController.swift; sourceTree = "<group>"; };
		044F64A61B8837C500A318E6 /* Base */ = {isa = PBXFileReference; lastKnownFileType = file.storyboard; name = Base; path = Base.lproj/Main.storyboard; sourceTree = "<group>"; };
		044F64A81B8837C500A318E6 /* Images.xcassets */ = {isa = PBXFileReference; lastKnownFileType = folder.assetcatalog; path = Images.xcassets; sourceTree = "<group>"; };
		044F64AB1B8837C500A318E6 /* Base */ = {isa = PBXFileReference; lastKnownFileType = file.xib; name = Base; path = Base.lproj/LaunchScreen.xib; sourceTree = "<group>"; };
		044F64B11B8837C500A318E6 /* whendTests.xctest */ = {isa = PBXFileReference; explicitFileType = wrapper.cfbundle; includeInIndex = 0; path = whendTests.xctest; sourceTree = BUILT_PRODUCTS_DIR; };
		044F64B61B8837C500A318E6 /* Info.plist */ = {isa = PBXFileReference; lastKnownFileType = text.plist.xml; path = Info.plist; sourceTree = "<group>"; };
		044F64B71B8837C500A318E6 /* whendTests.swift */ = {isa = PBXFileReference; lastKnownFileType = sourcecode.swift; path = whendTests.swift; sourceTree = "<group>"; };
		044F64CE1B885CDA00A318E6 /* LoginViewController.swift */ = {isa = PBXFileReference; fileEncoding = 4; lastKnownFileType = sourcecode.swift; path = LoginViewController.swift; sourceTree = "<group>"; };
		045897821BAA82F2000655E4 /* CreateScheduleViewController.swift */ = {isa = PBXFileReference; fileEncoding = 4; lastKnownFileType = sourcecode.swift; path = CreateScheduleViewController.swift; sourceTree = "<group>"; };
		047C3C1F1B8C475B006083A3 /* SignUpViewController.swift */ = {isa = PBXFileReference; fileEncoding = 4; lastKnownFileType = sourcecode.swift; path = SignUpViewController.swift; sourceTree = "<group>"; };
		04E4F1C21B9D9A9000255D2E /* WallTableViewController.swift */ = {isa = PBXFileReference; fileEncoding = 4; lastKnownFileType = sourcecode.swift; path = WallTableViewController.swift; sourceTree = "<group>"; };
		04E4F1C41B9D9AAA00255D2E /* WallTableViewCell.swift */ = {isa = PBXFileReference; fileEncoding = 4; lastKnownFileType = sourcecode.swift; path = WallTableViewCell.swift; sourceTree = "<group>"; };
		04F059BA1BAD838F009459E5 /* NotificationTableViewController.swift */ = {isa = PBXFileReference; fileEncoding = 4; lastKnownFileType = sourcecode.swift; path = NotificationTableViewController.swift; sourceTree = "<group>"; };
		04F059BC1BAD84D2009459E5 /* NotificationViewCell.swift */ = {isa = PBXFileReference; fileEncoding = 4; lastKnownFileType = sourcecode.swift; path = NotificationViewCell.swift; sourceTree = "<group>"; };
		FA02A6BD1BB02456004248B9 /* SearchTableViewController.swift */ = {isa = PBXFileReference; fileEncoding = 4; lastKnownFileType = sourcecode.swift; path = SearchTableViewController.swift; sourceTree = "<group>"; };
		FA02A6BF1BB0247B004248B9 /* SearchTableViewCell.swift */ = {isa = PBXFileReference; fileEncoding = 4; lastKnownFileType = sourcecode.swift; path = SearchTableViewCell.swift; sourceTree = "<group>"; };
		FA1F503E1BB3D4B50087FF09 /* CommentTableViewController.swift */ = {isa = PBXFileReference; fileEncoding = 4; lastKnownFileType = sourcecode.swift; path = CommentTableViewController.swift; sourceTree = "<group>"; };
		FA2EB8951BB139C000E3B12C /* Notification.swift */ = {isa = PBXFileReference; fileEncoding = 4; lastKnownFileType = sourcecode.swift; path = Notification.swift; sourceTree = "<group>"; };
		FAE13E7C1BA148190075FA9A /* HTTPRestfulUtilizer.swift */ = {isa = PBXFileReference; fileEncoding = 4; lastKnownFileType = sourcecode.swift; path = HTTPRestfulUtilizer.swift; sourceTree = "<group>"; };
		FAE13E7E1BA1485C0075FA9A /* AppPref.swift */ = {isa = PBXFileReference; fileEncoding = 4; lastKnownFileType = sourcecode.swift; path = AppPref.swift; sourceTree = "<group>"; };
		FAE305241BB2C7AA0028CA90 /* SpecificScheduleViewController.swift */ = {isa = PBXFileReference; fileEncoding = 4; lastKnownFileType = sourcecode.swift; path = SpecificScheduleViewController.swift; sourceTree = "<group>"; };
		FAE305261BB2C8090028CA90 /* CommentViewCell.swift */ = {isa = PBXFileReference; fileEncoding = 4; lastKnownFileType = sourcecode.swift; path = CommentViewCell.swift; sourceTree = "<group>"; };
		FAE7F1AF1B9EA19500F6818D /* User.swift */ = {isa = PBXFileReference; fileEncoding = 4; lastKnownFileType = sourcecode.swift; path = User.swift; sourceTree = "<group>"; };
		FAE7F1B11B9EA1A200F6818D /* Schedule.swift */ = {isa = PBXFileReference; fileEncoding = 4; lastKnownFileType = sourcecode.swift; path = Schedule.swift; sourceTree = "<group>"; };
		FAE7F1B31B9EA1AA00F6818D /* HashTag.swift */ = {isa = PBXFileReference; fileEncoding = 4; lastKnownFileType = sourcecode.swift; path = HashTag.swift; sourceTree = "<group>"; };
		FAE7F1B51B9EA1DB00F6818D /* Comment.swift */ = {isa = PBXFileReference; fileEncoding = 4; lastKnownFileType = sourcecode.swift; path = Comment.swift; sourceTree = "<group>"; };
		FAE7F1B71B9EA20A00F6818D /* FacebookFriend.swift */ = {isa = PBXFileReference; fileEncoding = 4; lastKnownFileType = sourcecode.swift; path = FacebookFriend.swift; sourceTree = "<group>"; };
		FAEC38761BA98BBD00663B7B /* CalendarProvider.swift */ = {isa = PBXFileReference; fileEncoding = 4; lastKnownFileType = sourcecode.swift; path = CalendarProvider.swift; sourceTree = "<group>"; };
		FAEC387A1BA99A2100663B7B /* UIViewExtensions.swift */ = {isa = PBXFileReference; fileEncoding = 4; lastKnownFileType = sourcecode.swift; path = UIViewExtensions.swift; sourceTree = "<group>"; };
		FAEC387C1BA9CA7B00663B7B /* DateTimeFormatter.swift */ = {isa = PBXFileReference; fileEncoding = 4; lastKnownFileType = sourcecode.swift; path = DateTimeFormatter.swift; sourceTree = "<group>"; };
/* End PBXFileReference section */

/* Begin PBXFrameworksBuildPhase section */
		044F64991B8837C500A318E6 /* Frameworks */ = {
			isa = PBXFrameworksBuildPhase;
			buildActionMask = 2147483647;
			files = (
			);
			runOnlyForDeploymentPostprocessing = 0;
		};
		044F64AE1B8837C500A318E6 /* Frameworks */ = {
			isa = PBXFrameworksBuildPhase;
			buildActionMask = 2147483647;
			files = (
			);
			runOnlyForDeploymentPostprocessing = 0;
		};
/* End PBXFrameworksBuildPhase section */

/* Begin PBXGroup section */
		044F64931B8837C500A318E6 = {
			isa = PBXGroup;
			children = (
				044F649E1B8837C500A318E6 /* whend */,
				044F64B41B8837C500A318E6 /* whendTests */,
				044F649D1B8837C500A318E6 /* Products */,
			);
			sourceTree = "<group>";
		};
		044F649D1B8837C500A318E6 /* Products */ = {
			isa = PBXGroup;
			children = (
				044F649C1B8837C500A318E6 /* whend.app */,
				044F64B11B8837C500A318E6 /* whendTests.xctest */,
			);
			name = Products;
			sourceTree = "<group>";
		};
		044F649E1B8837C500A318E6 /* whend */ = {
			isa = PBXGroup;
			children = (
				FAE13E7B1BA147AA0075FA9A /* Util */,
				FAE7F1AE1B9EA17A00F6818D /* Model */,
				044F64A11B8837C500A318E6 /* AppDelegate.swift */,
				044F64A31B8837C500A318E6 /* ViewController.swift */,
				04E4F1C21B9D9A9000255D2E /* WallTableViewController.swift */,
				04E4F1C41B9D9AAA00255D2E /* WallTableViewCell.swift */,
				04F059BA1BAD838F009459E5 /* NotificationTableViewController.swift */,
				04F059BC1BAD84D2009459E5 /* NotificationViewCell.swift */,
				FAE305241BB2C7AA0028CA90 /* SpecificScheduleViewController.swift */,
				FAE305261BB2C8090028CA90 /* CommentViewCell.swift */,
				FA1F503E1BB3D4B50087FF09 /* CommentTableViewController.swift */,
				044F64AA1B8837C500A318E6 /* LaunchScreen.xib */,
				044F64A51B8837C500A318E6 /* Main.storyboard */,
				045897821BAA82F2000655E4 /* CreateScheduleViewController.swift */,
				047C3C1F1B8C475B006083A3 /* SignUpViewController.swift */,
				0446D1EA1BA414B200FBC76E /* UploadViewController.swift */,
				044F64CE1B885CDA00A318E6 /* LoginViewController.swift */,
				FAEC387A1BA99A2100663B7B /* UIViewExtensions.swift */,
				FA02A6BD1BB02456004248B9 /* SearchTableViewController.swift */,
				FA02A6BF1BB0247B004248B9 /* SearchTableViewCell.swift */,
				044F64A81B8837C500A318E6 /* Images.xcassets */,
				044F649F1B8837C500A318E6 /* Supporting Files */,
			);
			path = whend;
			sourceTree = "<group>";
		};
		044F649F1B8837C500A318E6 /* Supporting Files */ = {
			isa = PBXGroup;
			children = (
				044F64A01B8837C500A318E6 /* Info.plist */,
			);
			name = "Supporting Files";
			sourceTree = "<group>";
		};
		044F64B41B8837C500A318E6 /* whendTests */ = {
			isa = PBXGroup;
			children = (
				044F64B71B8837C500A318E6 /* whendTests.swift */,
				044F64B51B8837C500A318E6 /* Supporting Files */,
			);
			path = whendTests;
			sourceTree = "<group>";
		};
		044F64B51B8837C500A318E6 /* Supporting Files */ = {
			isa = PBXGroup;
			children = (
				044F64B61B8837C500A318E6 /* Info.plist */,
			);
			name = "Supporting Files";
			sourceTree = "<group>";
		};
		FAE13E7B1BA147AA0075FA9A /* Util */ = {
			isa = PBXGroup;
			children = (
				FAE13E7C1BA148190075FA9A /* HTTPRestfulUtilizer.swift */,
				FAE13E7E1BA1485C0075FA9A /* AppPref.swift */,
				FAEC38761BA98BBD00663B7B /* CalendarProvider.swift */,
				FAEC387C1BA9CA7B00663B7B /* DateTimeFormatter.swift */,
			);
			name = Util;
			sourceTree = "<group>";
		};
		FAE7F1AE1B9EA17A00F6818D /* Model */ = {
			isa = PBXGroup;
			children = (
				FAE7F1AF1B9EA19500F6818D /* User.swift */,
				FAE7F1B11B9EA1A200F6818D /* Schedule.swift */,
				FAE7F1B31B9EA1AA00F6818D /* HashTag.swift */,
				FAE7F1B51B9EA1DB00F6818D /* Comment.swift */,
				FAE7F1B71B9EA20A00F6818D /* FacebookFriend.swift */,
				FA2EB8951BB139C000E3B12C /* Notification.swift */,
			);
			name = Model;
			sourceTree = "<group>";
		};
/* End PBXGroup section */

/* Begin PBXNativeTarget section */
		044F649B1B8837C500A318E6 /* whend */ = {
			isa = PBXNativeTarget;
			buildConfigurationList = 044F64BB1B8837C500A318E6 /* Build configuration list for PBXNativeTarget "whend" */;
			buildPhases = (
				044F64981B8837C500A318E6 /* Sources */,
				044F64991B8837C500A318E6 /* Frameworks */,
				044F649A1B8837C500A318E6 /* Resources */,
			);
			buildRules = (
			);
			dependencies = (
			);
			name = whend;
			productName = whend;
			productReference = 044F649C1B8837C500A318E6 /* whend.app */;
			productType = "com.apple.product-type.application";
		};
		044F64B01B8837C500A318E6 /* whendTests */ = {
			isa = PBXNativeTarget;
			buildConfigurationList = 044F64BE1B8837C500A318E6 /* Build configuration list for PBXNativeTarget "whendTests" */;
			buildPhases = (
				044F64AD1B8837C500A318E6 /* Sources */,
				044F64AE1B8837C500A318E6 /* Frameworks */,
				044F64AF1B8837C500A318E6 /* Resources */,
			);
			buildRules = (
			);
			dependencies = (
				044F64B31B8837C500A318E6 /* PBXTargetDependency */,
			);
			name = whendTests;
			productName = whendTests;
			productReference = 044F64B11B8837C500A318E6 /* whendTests.xctest */;
			productType = "com.apple.product-type.bundle.unit-test";
		};
/* End PBXNativeTarget section */

/* Begin PBXProject section */
		044F64941B8837C500A318E6 /* Project object */ = {
			isa = PBXProject;
			attributes = {
				LastUpgradeCheck = 0640;
				ORGANIZATIONNAME = SOODAL;
				TargetAttributes = {
					044F649B1B8837C500A318E6 = {
						CreatedOnToolsVersion = 6.4;
						DevelopmentTeam = UTCFD4UD68;
					};
					044F64B01B8837C500A318E6 = {
						CreatedOnToolsVersion = 6.4;
						TestTargetID = 044F649B1B8837C500A318E6;
					};
				};
			};
			buildConfigurationList = 044F64971B8837C500A318E6 /* Build configuration list for PBXProject "whend" */;
			compatibilityVersion = "Xcode 3.2";
			developmentRegion = English;
			hasScannedForEncodings = 0;
			knownRegions = (
				en,
				Base,
			);
			mainGroup = 044F64931B8837C500A318E6;
			productRefGroup = 044F649D1B8837C500A318E6 /* Products */;
			projectDirPath = "";
			projectRoot = "";
			targets = (
				044F649B1B8837C500A318E6 /* whend */,
				044F64B01B8837C500A318E6 /* whendTests */,
			);
		};
/* End PBXProject section */

/* Begin PBXResourcesBuildPhase section */
		044F649A1B8837C500A318E6 /* Resources */ = {
			isa = PBXResourcesBuildPhase;
			buildActionMask = 2147483647;
			files = (
				044F64A71B8837C500A318E6 /* Main.storyboard in Resources */,
				044F64AC1B8837C500A318E6 /* LaunchScreen.xib in Resources */,
				044F64A91B8837C500A318E6 /* Images.xcassets in Resources */,
			);
			runOnlyForDeploymentPostprocessing = 0;
		};
		044F64AF1B8837C500A318E6 /* Resources */ = {
			isa = PBXResourcesBuildPhase;
			buildActionMask = 2147483647;
			files = (
			);
			runOnlyForDeploymentPostprocessing = 0;
		};
/* End PBXResourcesBuildPhase section */

/* Begin PBXSourcesBuildPhase section */
		044F64981B8837C500A318E6 /* Sources */ = {
			isa = PBXSourcesBuildPhase;
			buildActionMask = 2147483647;
			files = (
				FAEC387D1BA9CA7B00663B7B /* DateTimeFormatter.swift in Sources */,
				FAE7F1B01B9EA19500F6818D /* User.swift in Sources */,
				0446D1EB1BA414B200FBC76E /* UploadViewController.swift in Sources */,
				FA2EB8961BB139C000E3B12C /* Notification.swift in Sources */,
				FA1F503F1BB3D4B50087FF09 /* CommentTableViewController.swift in Sources */,
				FAEC38771BA98BBD00663B7B /* CalendarProvider.swift in Sources */,
				FAE305271BB2C8090028CA90 /* CommentViewCell.swift in Sources */,
				FAE13E7D1BA148190075FA9A /* HTTPRestfulUtilizer.swift in Sources */,
				044F64CF1B885CDA00A318E6 /* LoginViewController.swift in Sources */,
				044F64A41B8837C500A318E6 /* ViewController.swift in Sources */,
				FAE7F1B81B9EA20A00F6818D /* FacebookFriend.swift in Sources */,
				04E4F1C31B9D9A9000255D2E /* WallTableViewController.swift in Sources */,
				047C3C201B8C475B006083A3 /* SignUpViewController.swift in Sources */,
				044F64A21B8837C500A318E6 /* AppDelegate.swift in Sources */,
				FAEC387B1BA99A2100663B7B /* UIViewExtensions.swift in Sources */,
				04F059BB1BAD838F009459E5 /* NotificationTableViewController.swift in Sources */,
				FAE13E7F1BA1485C0075FA9A /* AppPref.swift in Sources */,
				04E4F1C51B9D9AAA00255D2E /* WallTableViewCell.swift in Sources */,
				FA02A6C01BB0247B004248B9 /* SearchTableViewCell.swift in Sources */,
				FAE305251BB2C7AA0028CA90 /* SpecificScheduleViewController.swift in Sources */,
				04F059BD1BAD84D2009459E5 /* NotificationViewCell.swift in Sources */,
				FAE7F1B61B9EA1DB00F6818D /* Comment.swift in Sources */,
				045897831BAA82F2000655E4 /* CreateScheduleViewController.swift in Sources */,
				FA02A6BE1BB02456004248B9 /* SearchTableViewController.swift in Sources */,
				FAE7F1B21B9EA1A200F6818D /* Schedule.swift in Sources */,
				FAE7F1B41B9EA1AA00F6818D /* HashTag.swift in Sources */,
			);
			runOnlyForDeploymentPostprocessing = 0;
		};
		044F64AD1B8837C500A318E6 /* Sources */ = {
			isa = PBXSourcesBuildPhase;
			buildActionMask = 2147483647;
			files = (
				044F64B81B8837C500A318E6 /* whendTests.swift in Sources */,
			);
			runOnlyForDeploymentPostprocessing = 0;
		};
/* End PBXSourcesBuildPhase section */

/* Begin PBXTargetDependency section */
		044F64B31B8837C500A318E6 /* PBXTargetDependency */ = {
			isa = PBXTargetDependency;
			target = 044F649B1B8837C500A318E6 /* whend */;
			targetProxy = 044F64B21B8837C500A318E6 /* PBXContainerItemProxy */;
		};
/* End PBXTargetDependency section */

/* Begin PBXVariantGroup section */
		044F64A51B8837C500A318E6 /* Main.storyboard */ = {
			isa = PBXVariantGroup;
			children = (
				044F64A61B8837C500A318E6 /* Base */,
			);
			name = Main.storyboard;
			sourceTree = "<group>";
		};
		044F64AA1B8837C500A318E6 /* LaunchScreen.xib */ = {
			isa = PBXVariantGroup;
			children = (
				044F64AB1B8837C500A318E6 /* Base */,
			);
			name = LaunchScreen.xib;
			sourceTree = "<group>";
		};
/* End PBXVariantGroup section */

/* Begin XCBuildConfiguration section */
		044F64B91B8837C500A318E6 /* Debug */ = {
			isa = XCBuildConfiguration;
			buildSettings = {
				ALWAYS_SEARCH_USER_PATHS = NO;
				CLANG_CXX_LANGUAGE_STANDARD = "gnu++0x";
				CLANG_CXX_LIBRARY = "libc++";
				CLANG_ENABLE_MODULES = YES;
				CLANG_ENABLE_OBJC_ARC = YES;
				CLANG_WARN_BOOL_CONVERSION = YES;
				CLANG_WARN_CONSTANT_CONVERSION = YES;
				CLANG_WARN_DIRECT_OBJC_ISA_USAGE = YES_ERROR;
				CLANG_WARN_EMPTY_BODY = YES;
				CLANG_WARN_ENUM_CONVERSION = YES;
				CLANG_WARN_INT_CONVERSION = YES;
				CLANG_WARN_OBJC_ROOT_CLASS = YES_ERROR;
				CLANG_WARN_UNREACHABLE_CODE = YES;
				CLANG_WARN__DUPLICATE_METHOD_MATCH = YES;
				"CODE_SIGN_IDENTITY[sdk=iphoneos*]" = "iPhone Developer";
				COPY_PHASE_STRIP = NO;
				DEBUG_INFORMATION_FORMAT = "dwarf-with-dsym";
				ENABLE_STRICT_OBJC_MSGSEND = YES;
				GCC_C_LANGUAGE_STANDARD = gnu99;
				GCC_DYNAMIC_NO_PIC = NO;
				GCC_NO_COMMON_BLOCKS = YES;
				GCC_OPTIMIZATION_LEVEL = 0;
				GCC_PREPROCESSOR_DEFINITIONS = (
					"DEBUG=1",
					"$(inherited)",
				);
				GCC_SYMBOLS_PRIVATE_EXTERN = NO;
				GCC_WARN_64_TO_32_BIT_CONVERSION = YES;
				GCC_WARN_ABOUT_RETURN_TYPE = YES_ERROR;
				GCC_WARN_UNDECLARED_SELECTOR = YES;
				GCC_WARN_UNINITIALIZED_AUTOS = YES_AGGRESSIVE;
				GCC_WARN_UNUSED_FUNCTION = YES;
				GCC_WARN_UNUSED_VARIABLE = YES;
				IPHONEOS_DEPLOYMENT_TARGET = 8.4;
				MTL_ENABLE_DEBUG_INFO = YES;
				ONLY_ACTIVE_ARCH = YES;
				SDKROOT = iphoneos;
				SWIFT_OPTIMIZATION_LEVEL = "-Onone";
			};
			name = Debug;
		};
		044F64BA1B8837C500A318E6 /* Release */ = {
			isa = XCBuildConfiguration;
			buildSettings = {
				ALWAYS_SEARCH_USER_PATHS = NO;
				CLANG_CXX_LANGUAGE_STANDARD = "gnu++0x";
				CLANG_CXX_LIBRARY = "libc++";
				CLANG_ENABLE_MODULES = YES;
				CLANG_ENABLE_OBJC_ARC = YES;
				CLANG_WARN_BOOL_CONVERSION = YES;
				CLANG_WARN_CONSTANT_CONVERSION = YES;
				CLANG_WARN_DIRECT_OBJC_ISA_USAGE = YES_ERROR;
				CLANG_WARN_EMPTY_BODY = YES;
				CLANG_WARN_ENUM_CONVERSION = YES;
				CLANG_WARN_INT_CONVERSION = YES;
				CLANG_WARN_OBJC_ROOT_CLASS = YES_ERROR;
				CLANG_WARN_UNREACHABLE_CODE = YES;
				CLANG_WARN__DUPLICATE_METHOD_MATCH = YES;
				"CODE_SIGN_IDENTITY[sdk=iphoneos*]" = "iPhone Developer";
				COPY_PHASE_STRIP = NO;
				DEBUG_INFORMATION_FORMAT = "dwarf-with-dsym";
				ENABLE_NS_ASSERTIONS = NO;
				ENABLE_STRICT_OBJC_MSGSEND = YES;
				GCC_C_LANGUAGE_STANDARD = gnu99;
				GCC_NO_COMMON_BLOCKS = YES;
				GCC_WARN_64_TO_32_BIT_CONVERSION = YES;
				GCC_WARN_ABOUT_RETURN_TYPE = YES_ERROR;
				GCC_WARN_UNDECLARED_SELECTOR = YES;
				GCC_WARN_UNINITIALIZED_AUTOS = YES_AGGRESSIVE;
				GCC_WARN_UNUSED_FUNCTION = YES;
				GCC_WARN_UNUSED_VARIABLE = YES;
				IPHONEOS_DEPLOYMENT_TARGET = 8.4;
				MTL_ENABLE_DEBUG_INFO = NO;
				SDKROOT = iphoneos;
				VALIDATE_PRODUCT = YES;
			};
			name = Release;
		};
		044F64BC1B8837C500A318E6 /* Debug */ = {
			isa = XCBuildConfiguration;
			buildSettings = {
				ASSETCATALOG_COMPILER_APPICON_NAME = AppIcon;
				CODE_SIGN_IDENTITY = "iPhone Developer";
				"CODE_SIGN_IDENTITY[sdk=iphoneos*]" = "iPhone Developer";
				INFOPLIST_FILE = whend/Info.plist;
				IPHONEOS_DEPLOYMENT_TARGET = 8.0;
				LD_RUNPATH_SEARCH_PATHS = "$(inherited) @executable_path/Frameworks";
				PRODUCT_NAME = "$(TARGET_NAME)";
				PROVISIONING_PROFILE = "";
			};
			name = Debug;
		};
		044F64BD1B8837C500A318E6 /* Release */ = {
			isa = XCBuildConfiguration;
			buildSettings = {
				ASSETCATALOG_COMPILER_APPICON_NAME = AppIcon;
				CODE_SIGN_IDENTITY = "iPhone Developer";
				"CODE_SIGN_IDENTITY[sdk=iphoneos*]" = "iPhone Developer";
				INFOPLIST_FILE = whend/Info.plist;
				IPHONEOS_DEPLOYMENT_TARGET = 8.0;
				LD_RUNPATH_SEARCH_PATHS = "$(inherited) @executable_path/Frameworks";
				PRODUCT_NAME = "$(TARGET_NAME)";
				PROVISIONING_PROFILE = "";
			};
			name = Release;
		};
		044F64BF1B8837C500A318E6 /* Debug */ = {
			isa = XCBuildConfiguration;
			buildSettings = {
				BUNDLE_LOADER = "$(TEST_HOST)";
				FRAMEWORK_SEARCH_PATHS = (
					"$(SDKROOT)/Developer/Library/Frameworks",
					"$(inherited)",
				);
				GCC_PREPROCESSOR_DEFINITIONS = (
					"DEBUG=1",
					"$(inherited)",
				);
				INFOPLIST_FILE = whendTests/Info.plist;
				LD_RUNPATH_SEARCH_PATHS = "$(inherited) @executable_path/Frameworks @loader_path/Frameworks";
				PRODUCT_NAME = "$(TARGET_NAME)";
				TEST_HOST = "$(BUILT_PRODUCTS_DIR)/whend.app/whend";
			};
			name = Debug;
		};
		044F64C01B8837C500A318E6 /* Release */ = {
			isa = XCBuildConfiguration;
			buildSettings = {
				BUNDLE_LOADER = "$(TEST_HOST)";
				FRAMEWORK_SEARCH_PATHS = (
					"$(SDKROOT)/Developer/Library/Frameworks",
					"$(inherited)",
				);
				INFOPLIST_FILE = whendTests/Info.plist;
				LD_RUNPATH_SEARCH_PATHS = "$(inherited) @executable_path/Frameworks @loader_path/Frameworks";
				PRODUCT_NAME = "$(TARGET_NAME)";
				TEST_HOST = "$(BUILT_PRODUCTS_DIR)/whend.app/whend";
			};
			name = Release;
		};
/* End XCBuildConfiguration section */

/* Begin XCConfigurationList section */
		044F64971B8837C500A318E6 /* Build configuration list for PBXProject "whend" */ = {
			isa = XCConfigurationList;
			buildConfigurations = (
				044F64B91B8837C500A318E6 /* Debug */,
				044F64BA1B8837C500A318E6 /* Release */,
			);
			defaultConfigurationIsVisible = 0;
			defaultConfigurationName = Release;
		};
		044F64BB1B8837C500A318E6 /* Build configuration list for PBXNativeTarget "whend" */ = {
			isa = XCConfigurationList;
			buildConfigurations = (
				044F64BC1B8837C500A318E6 /* Debug */,
				044F64BD1B8837C500A318E6 /* Release */,
			);
			defaultConfigurationIsVisible = 0;
			defaultConfigurationName = Release;
		};
		044F64BE1B8837C500A318E6 /* Build configuration list for PBXNativeTarget "whendTests" */ = {
			isa = XCConfigurationList;
			buildConfigurations = (
				044F64BF1B8837C500A318E6 /* Debug */,
				044F64C01B8837C500A318E6 /* Release */,
			);
			defaultConfigurationIsVisible = 0;
			defaultConfigurationName = Release;
		};
/* End XCConfigurationList section */
	};
	rootObject = 044F64941B8837C500A318E6 /* Project object */;
}
